#MicroXplorer Configuration settings - do not modify
CAD.formats=
CAD.pinconfig=
CAD.provider=
CORTEX_M7.AccessPermission_S-Cortex_Memory_Protection_Unit_Region1_Settings_S=MPU_REGION_FULL_ACCESS
CORTEX_M7.AccessPermission_Spec=MPU_REGION_FULL_ACCESS
CORTEX_M7.BaseAddress_S-Cortex_Memory_Protection_Unit_Region1_Settings_S=0x30000000
CORTEX_M7.BaseAddress_Spec=0x24000000
CORTEX_M7.CPU_DCache=Enabled
CORTEX_M7.CPU_ICache=Enabled
CORTEX_M7.Enable_S-Cortex_Memory_Protection_Unit_Region1_Settings_S=MPU_REGION_ENABLE
CORTEX_M7.IPParameters=default_mode_Activation,BaseAddress_Spec,Size_Spec,AccessPermission_Spec,SubRegionDisable_Spec,IsShareable_Spec,IsCacheable_Spec,Enable_S-Cortex_Memory_Protection_Unit_Region1_Settings_S,BaseAddress_S-Cortex_Memory_Protection_Unit_Region1_Settings_S,Size_S-Cortex_Memory_Protection_Unit_Region1_Settings_S,TypeExtField_S-Cortex_Memory_Protection_Unit_Region1_Settings_S,AccessPermission_S-Cortex_Memory_Protection_Unit_Region1_Settings_S,CPU_ICache,CPU_DCache
CORTEX_M7.IsCacheable_Spec=MPU_ACCESS_CACHEABLE
CORTEX_M7.IsShareable_Spec=MPU_ACCESS_NOT_SHAREABLE
CORTEX_M7.Size_S-Cortex_Memory_Protection_Unit_Region1_Settings_S=MPU_REGION_SIZE_32KB
CORTEX_M7.Size_Spec=MPU_REGION_SIZE_1MB
CORTEX_M7.SubRegionDisable_Spec=0x00
CORTEX_M7.TypeExtField_S-Cortex_Memory_Protection_Unit_Region1_Settings_S=MPU_TEX_LEVEL1
CORTEX_M7.default_mode_Activation=1
DMA2D.ColorMode=DMA2D_OUTPUT_RGB565
DMA2D.IPParameters=ColorMode
Dma.Request0=SAI1_A
Dma.Request1=SAI1_B
Dma.RequestsNb=2
Dma.SAI1_A.0.Direction=DMA_PERIPH_TO_MEMORY
Dma.SAI1_A.0.EventEnable=DISABLE
Dma.SAI1_A.0.FIFOMode=DMA_FIFOMODE_DISABLE
Dma.SAI1_A.0.Instance=DMA1_Stream0
Dma.SAI1_A.0.MemDataAlignment=DMA_MDATAALIGN_WORD
Dma.SAI1_A.0.MemInc=DMA_MINC_ENABLE
Dma.SAI1_A.0.Mode=DMA_CIRCULAR
Dma.SAI1_A.0.PeriphDataAlignment=DMA_PDATAALIGN_WORD
Dma.SAI1_A.0.PeriphInc=DMA_PINC_DISABLE
Dma.SAI1_A.0.Polarity=HAL_DMAMUX_REQ_GEN_RISING
Dma.SAI1_A.0.Priority=DMA_PRIORITY_LOW
Dma.SAI1_A.0.RequestNumber=1
Dma.SAI1_A.0.RequestParameters=Instance,Direction,PeriphInc,MemInc,PeriphDataAlignment,MemDataAlignment,Mode,Priority,FIFOMode,SignalID,Polarity,RequestNumber,SyncSignalID,SyncPolarity,SyncEnable,EventEnable,SyncRequestNumber
Dma.SAI1_A.0.SignalID=NONE
Dma.SAI1_A.0.SyncEnable=DISABLE
Dma.SAI1_A.0.SyncPolarity=HAL_DMAMUX_SYNC_NO_EVENT
Dma.SAI1_A.0.SyncRequestNumber=1
Dma.SAI1_A.0.SyncSignalID=NONE
Dma.SAI1_B.1.Direction=DMA_PERIPH_TO_MEMORY
Dma.SAI1_B.1.EventEnable=DISABLE
Dma.SAI1_B.1.FIFOMode=DMA_FIFOMODE_DISABLE
Dma.SAI1_B.1.Instance=DMA1_Stream1
Dma.SAI1_B.1.MemDataAlignment=DMA_MDATAALIGN_WORD
Dma.SAI1_B.1.MemInc=DMA_MINC_ENABLE
Dma.SAI1_B.1.Mode=DMA_CIRCULAR
Dma.SAI1_B.1.PeriphDataAlignment=DMA_PDATAALIGN_WORD
Dma.SAI1_B.1.PeriphInc=DMA_PINC_DISABLE
Dma.SAI1_B.1.Polarity=HAL_DMAMUX_REQ_GEN_RISING
Dma.SAI1_B.1.Priority=DMA_PRIORITY_LOW
Dma.SAI1_B.1.RequestNumber=1
Dma.SAI1_B.1.RequestParameters=Instance,Direction,PeriphInc,MemInc,PeriphDataAlignment,MemDataAlignment,Mode,Priority,FIFOMode,SignalID,Polarity,RequestNumber,SyncSignalID,SyncPolarity,SyncEnable,EventEnable,SyncRequestNumber
Dma.SAI1_B.1.SignalID=NONE
Dma.SAI1_B.1.SyncEnable=DISABLE
Dma.SAI1_B.1.SyncPolarity=HAL_DMAMUX_SYNC_NO_EVENT
Dma.SAI1_B.1.SyncRequestNumber=1
Dma.SAI1_B.1.SyncSignalID=NONE
File.Version=6
GPIO.groupedBy=Group By Peripherals
I2C1.IPParameters=Timing
I2C1.Timing=0x10909CEC
I2C2.IPParameters=Timing
I2C2.Timing=0x10909CEC
I2C4.IPParameters=Timing
I2C4.Timing=0x10909CEC
KeepUserPlacement=false
LTDC.ActiveH=272
LTDC.ActiveW=480
LTDC.Alpha_L0=255
LTDC.DEPolarity=LTDC_DEPOLARITY_AH
LTDC.HBP=43
LTDC.HFP=8
LTDC.HSync=2
LTDC.IPParameters=Layers,WindowX1_L0,WindowY1_L0,PixelFormat_L0,ActiveW,ActiveH,HSync,VSync,HBP,HFP,VBP,VFP,DEPolarity,PCPolarity,Alpha_L0,ImageWidth_L0,ImageHeight_L0
LTDC.ImageHeight_L0=128
LTDC.ImageWidth_L0=480
LTDC.Layers=0
LTDC.PCPolarity=LTDC_PCPOLARITY_IPC
LTDC.PixelFormat_L0=LTDC_PIXEL_FORMAT_RGB565
LTDC.VBP=12
LTDC.VFP=8
LTDC.VSync=4
LTDC.WindowX1_L0=480
LTDC.WindowY1_L0=128
MMTAppReg1.MEMORYMAP.AppRegionName=DTCMRAM
MMTAppReg1.MEMORYMAP.ContextName=Cortex-M7NS
MMTAppReg1.MEMORYMAP.CoreName=Arm Cortex-M7
MMTAppReg1.MEMORYMAP.IPParameters=StartAddress,Size,CoreName,ContextName,Name
MMTAppReg1.MEMORYMAP.Name=DTCMRAM
MMTAppReg1.MEMORYMAP.Size=131072
MMTAppReg1.MEMORYMAP.StartAddress=0x20000000
MMTAppReg2.MEMORYMAP.AppRegionName=RAM
MMTAppReg2.MEMORYMAP.ContextName=Cortex-M7NS
MMTAppReg2.MEMORYMAP.CoreName=Arm Cortex-M7
MMTAppReg2.MEMORYMAP.DefaultDataRegion=true
MMTAppReg2.MEMORYMAP.IPParameters=StartAddress,Size,CoreName,ContextName,Name,DefaultDataRegion
MMTAppReg2.MEMORYMAP.Name=RAM
MMTAppReg2.MEMORYMAP.Size=1048576
MMTAppReg2.MEMORYMAP.StartAddress=0x24000000
MMTAppReg3.MEMORYMAP.AppRegionName=ITCMRAM
MMTAppReg3.MEMORYMAP.Cacheability=WTRA
MMTAppReg3.MEMORYMAP.ContextName=Cortex-M7NS
MMTAppReg3.MEMORYMAP.CoreName=Arm Cortex-M7
MMTAppReg3.MEMORYMAP.IPParameters=StartAddress,Size,CoreName,ContextName,Name,Cacheability
MMTAppReg3.MEMORYMAP.Name=ITCMRAM
MMTAppReg3.MEMORYMAP.Size=65536
MMTAppReg3.MEMORYMAP.StartAddress=0x00000000
MMTAppReg4.MEMORYMAP.AP=RO_priv_only
MMTAppReg4.MEMORYMAP.AppRegionName=FLASH
MMTAppReg4.MEMORYMAP.Cacheability=WTRA
MMTAppReg4.MEMORYMAP.ContextName=Cortex-M7NS
MMTAppReg4.MEMORYMAP.CoreName=Arm Cortex-M7
MMTAppReg4.MEMORYMAP.DefaultCodeRegion=true
MMTAppReg4.MEMORYMAP.IPParameters=StartAddress,Size,CoreName,MemType,ContextName,Name,AP,Cacheability,DefaultCodeRegion,ISRRegion,RootBootRegion
MMTAppReg4.MEMORYMAP.ISRRegion=true
MMTAppReg4.MEMORYMAP.MemType=ROM
MMTAppReg4.MEMORYMAP.Name=FLASH
MMTAppReg4.MEMORYMAP.RootBootRegion=true
MMTAppReg4.MEMORYMAP.Size=1048576
MMTAppReg4.MEMORYMAP.StartAddress=0x08000000
MMTAppReg5.MEMORYMAP.AP=RO_priv_only
MMTAppReg5.MEMORYMAP.AppRegionName=FLASH2
MMTAppReg5.MEMORYMAP.Cacheability=WTRA
MMTAppReg5.MEMORYMAP.ContextName=Cortex-M7NS
MMTAppReg5.MEMORYMAP.CoreName=Arm Cortex-M7
MMTAppReg5.MEMORYMAP.IPParameters=StartAddress,Size,CoreName,MemType,ContextName,Name,AP,Cacheability
MMTAppReg5.MEMORYMAP.MemType=ROM
MMTAppReg5.MEMORYMAP.Name=FLASH2
MMTAppReg5.MEMORYMAP.Size=1048576
MMTAppReg5.MEMORYMAP.StartAddress=0x08100000
MMTAppRegionsCount=5
MMTConfigApplied=false
MMTSectionSuffix=
Mcu.CPN=STM32H7A3ZIT6
Mcu.Family=STM32H7
Mcu.IP0=CORTEX_M7
Mcu.IP1=CRC
Mcu.IP10=NVIC
Mcu.IP11=RCC
Mcu.IP12=SAI1
Mcu.IP13=SYS
Mcu.IP14=TIM3
Mcu.IP15=USART2
Mcu.IP2=DEBUG
Mcu.IP3=DMA
Mcu.IP4=DMA2D
Mcu.IP5=I2C1
Mcu.IP6=I2C2
Mcu.IP7=I2C4
Mcu.IP8=LTDC
Mcu.IP9=MEMORYMAP
Mcu.IPNb=16
Mcu.Name=STM32H7A3Z(G-I)Tx
Mcu.Package=LQFP144
Mcu.Pin0=PE3
Mcu.Pin1=PE4
Mcu.Pin10=PH1-OSC_OUT
Mcu.Pin11=PC0
Mcu.Pin12=PC1
Mcu.Pin13=PA0
Mcu.Pin14=PA1
Mcu.Pin15=PA2
Mcu.Pin16=PA3
Mcu.Pin17=PA4
Mcu.Pin18=PA5
Mcu.Pin19=PA6
Mcu.Pin2=PE5
Mcu.Pin20=PC4
Mcu.Pin21=PB0
Mcu.Pin22=PB1
Mcu.Pin23=PF14
Mcu.Pin24=PF15
Mcu.Pin25=PE11
Mcu.Pin26=PE12
Mcu.Pin27=PE14
Mcu.Pin28=PB10
Mcu.Pin29=PB15
Mcu.Pin3=PE6
Mcu.Pin30=PD10
Mcu.Pin31=PG3
Mcu.Pin32=PG4
Mcu.Pin33=PG5
Mcu.Pin34=PG6
Mcu.Pin35=PG7
Mcu.Pin36=PG8
Mcu.Pin37=PC6
Mcu.Pin38=PC7
Mcu.Pin39=PC8
Mcu.Pin4=PF0
Mcu.Pin40=PC9
Mcu.Pin41=PA8
Mcu.Pin42=PA9
Mcu.Pin43=PA13
Mcu.Pin44=PA14
Mcu.Pin45=PA15
Mcu.Pin46=PC10
Mcu.Pin47=PC11
Mcu.Pin48=PC12
Mcu.Pin49=PD0
Mcu.Pin5=PF1
Mcu.Pin50=PD2
Mcu.Pin51=PD5
Mcu.Pin52=PD6
Mcu.Pin53=PG12
Mcu.Pin54=PG13
Mcu.Pin55=PB6
Mcu.Pin56=PB7
Mcu.Pin57=VP_CRC_VS_CRC
Mcu.Pin58=VP_DMA2D_VS_DMA2D
Mcu.Pin59=VP_SAI1_VP_$IpInstance_SAIA_SAI_BASIC
Mcu.Pin6=PF7
Mcu.Pin60=VP_SAI1_VP_$IpInstance_SAIB_SAI_BASIC
Mcu.Pin61=VP_SYS_VS_Systick
Mcu.Pin62=VP_MEMORYMAP_VS_MEMORYMAP
Mcu.Pin63=VP_STMicroelectronics.X-CUBE-TOUCHGFX_VS_GraphicsJjApplication_4.26.1
Mcu.Pin7=PF8
Mcu.Pin8=PF10
Mcu.Pin9=PH0-OSC_IN
Mcu.PinsNb=64
Mcu.ThirdParty0=STMicroelectronics.X-CUBE-TOUCHGFX.4.26.1
Mcu.ThirdPartyNb=1
Mcu.UserConstants=
Mcu.UserName=STM32H7A3ZITx
MxCube.Version=6.18.1
MxDb.Version=DB.6.0.181
NVIC.BusFault_IRQn=true\:0\:0\:false\:false\:true\:false\:false\:false
NVIC.DMA1_Stream0_IRQn=true\:0\:0\:false\:false\:true\:false\:true\:true
NVIC.DMA1_Stream1_IRQn=true\:0\:0\:false\:false\:true\:false\:true\:true
NVIC.DebugMonitor_IRQn=true\:0\:0\:false\:false\:true\:false\:false\:false
NVIC.ForceEnableDMAVector=true
NVIC.HardFault_IRQn=true\:0\:0\:false\:false\:true\:false\:false\:false
NVIC.LTDC_IRQn=true\:0\:0\:false\:false\:true\:true\:true\:true
NVIC.MemoryManagement_IRQn=true\:0\:0\:false\:false\:true\:false\:false\:false
NVIC.NonMaskableInt_IRQn=true\:0\:0\:false\:false\:true\:false\:false\:false
NVIC.PendSV_IRQn=true\:0\:0\:false\:false\:true\:false\:false\:false
NVIC.PriorityGroup=NVIC_PRIORITYGROUP_4
NVIC.SVCall_IRQn=true\:0\:0\:false\:false\:true\:false\:false\:false
NVIC.SysTick_IRQn=true\:15\:0\:false\:false\:true\:false\:true\:false
NVIC.UsageFault_IRQn=true\:0\:0\:false\:false\:true\:false\:false\:false
PA0.GPIOParameters=GPIO_Label
PA0.GPIO_Label=DISP_BL_EN
PA0.Locked=true
PA0.Signal=GPIO_Output
PA1.GPIOParameters=GPIO_Label
PA1.GPIO_Label=DISP_STBY
PA1.Locked=true
PA1.Signal=GPIO_Output
PA13.Mode=Serial_Wire
PA13.Signal=DEBUG_JTMS-SWDIO
PA14.Mode=Serial_Wire
PA14.Signal=DEBUG_JTCK-SWCLK
PA15.Mode=RGB565
PA15.Signal=LTDC_B6
PA2.GPIOParameters=GPIO_Label
PA2.GPIO_Label=DISP_RST
PA2.Locked=true
PA2.Signal=GPIO_Output
PA3.Mode=RGB565
PA3.Signal=LTDC_B5
PA4.Mode=RGB565
PA4.Signal=LTDC_VSYNC
PA5.Mode=RGB565
PA5.Signal=LTDC_R4
PA6.GPIOParameters=GPIO_Label
PA6.GPIO_Label=KEYS_PWM
PA6.Signal=S_TIM3_CH1
PA8.GPIOParameters=GPIO_Label
PA8.GPIO_Label=UP_BTN
PA8.Locked=true
PA8.Signal=GPIO_Input
PA9.Mode=RGB565
PA9.Signal=LTDC_R5
PB0.Mode=RGB565
PB0.Signal=LTDC_R3
PB1.Mode=RGB565
PB1.Signal=LTDC_R6
PB10.Mode=RGB565
PB10.Signal=LTDC_G4
PB15.Mode=RGB565
PB15.Signal=LTDC_G7
PB6.GPIOParameters=GPIO_Label
PB6.GPIO_Label=EE_I2C1_SCL
PB6.Mode=I2C
PB6.Signal=I2C1_SCL
PB7.GPIOParameters=GPIO_Label
PB7.GPIO_Label=EE_I2C1_SDA
PB7.Mode=I2C
PB7.Signal=I2C1_SDA
PC0.Mode=RGB565
PC0.Signal=LTDC_G2
PC1.Mode=RGB565
PC1.Signal=LTDC_G5
PC10.GPIOParameters=GPIO_Label
PC10.GPIO_Label=CPLD_RST
PC10.Locked=true
PC10.Signal=GPIO_Output
PC11.GPIOParameters=GPIO_Label
PC11.GPIO_Label=CPLD_MUTE
PC11.Locked=true
PC11.Signal=GPIO_Output
PC12.GPIOParameters=GPIO_Label
PC12.GPIO_Label=CPLD_LOCK
PC12.Locked=true
PC12.Signal=GPIO_Input
PC4.Mode=RGB565
PC4.Signal=LTDC_R7
PC6.Mode=RGB565
PC6.Signal=LTDC_HSYNC
PC7.Mode=RGB565
PC7.Signal=LTDC_G6
PC8.GPIOParameters=GPIO_Label
PC8.GPIO_Label=PR_BTN
PC8.Locked=true
PC8.Signal=GPIO_Input
PC9.GPIOParameters=GPIO_Label
PC9.GPIO_Label=FW_BTN
PC9.Locked=true
PC9.Signal=GPIO_Input
PCC.Bar.Display=Horizontal Bar
PCC.Checker=false
PCC.Display=Plot\: All Steps
PCC.Line=STM32H7A3/7B3
PCC.MCU=STM32H7A3Z(G-I)Tx
PCC.PartNumber=STM32H7A3ZITx
PCC.SequenceTime=1.0 ms
PCC.SequenceTime.Unit=ms
PCC.Series=STM32H7
PCC.Temperature=25
PCC.Vdd=3.0
PD0.GPIOParameters=GPIO_Label
PD0.GPIO_Label=ADC_EN
PD0.Locked=true
PD0.Signal=GPIO_Output
PD10.Mode=RGB565
PD10.Signal=LTDC_B3
PD2.Mode=RGB565
PD2.Signal=LTDC_B7
PD5.GPIOParameters=GPIO_Label
PD5.GPIO_Label=DIAG_USART2_TX
PD5.Locked=true
PD5.Mode=Asynchronous
PD5.Signal=USART2_TX
PD6.GPIOParameters=GPIO_Label
PD6.GPIO_Label=DIAG_USART2_RX
PD6.Mode=Asynchronous
PD6.Signal=USART2_RX
PE11.Mode=RGB565
PE11.Signal=LTDC_G3
PE12.Mode=RGB565
PE12.Signal=LTDC_B4
PE14.Mode=RGB565
PE14.Signal=LTDC_CLK
PE3.Mode=SAI_B_SyncSlave
PE3.Signal=SAI1_SD_B
PE4.Mode=SAI_A_AsyncSlave
PE4.Signal=SAI1_FS_A
PE5.Mode=SAI_A_AsyncSlave
PE5.Signal=SAI1_SCK_A
PE6.Mode=SAI_A_AsyncSlave
PE6.Signal=SAI1_SD_A
PF0.GPIOParameters=GPIO_Label
PF0.GPIO_Label=ADC_I2C2_SDA
PF0.Mode=I2C
PF0.Signal=I2C2_SDA
PF1.GPIOParameters=GPIO_Label
PF1.GPIO_Label=ADC_I2C2_SCL
PF1.Mode=I2C
PF1.Signal=I2C2_SCL
PF10.Mode=RGB565
PF10.Signal=LTDC_DE
PF14.GPIOParameters=GPIO_Label
PF14.GPIO_Label=XMOS_I2C4_SCL
PF14.Mode=I2C
PF14.Signal=I2C4_SCL
PF15.GPIOParameters=GPIO_Label
PF15.GPIO_Label=XMOS_I2C4_SDA
PF15.Mode=I2C
PF15.Signal=I2C4_SDA
PF7.GPIOParameters=GPIO_Label
PF7.GPIO_Label=CPLD_F48
PF7.Locked=true
PF7.Signal=GPIO_Input
PF8.GPIOParameters=GPIO_Label
PF8.GPIO_Label=CPLD_F96
PF8.Locked=true
PF8.Signal=GPIO_Input
PG12.GPIOParameters=GPIO_Label
PG12.GPIO_Label=XMOS_2CH
PG12.Locked=true
PG12.Signal=GPIO_Output
PG13.GPIOParameters=GPIO_Label
PG13.GPIO_Label=XMOS_RDY
PG13.Locked=true
PG13.Signal=GPIO_Input
PG3.GPIOParameters=GPIO_Label
PG3.GPIO_Label=CLIP_4
PG3.Locked=true
PG3.Signal=GPIO_Output
PG4.GPIOParameters=GPIO_Label
PG4.GPIO_Label=CLIP_3
PG4.Locked=true
PG4.Signal=GPIO_Output
PG5.GPIOParameters=GPIO_Label
PG5.GPIO_Label=CLIP_2
PG5.Locked=true
PG5.Signal=GPIO_Output
PG6.GPIOParameters=GPIO_Label
PG6.GPIO_Label=CLIP_1
PG6.Locked=true
PG6.Signal=GPIO_Output
PG7.GPIOParameters=GPIO_Label
PG7.GPIO_Label=OK_BTN
PG7.Locked=true
PG7.Signal=GPIO_Input
PG8.GPIOParameters=GPIO_Label
PG8.GPIO_Label=DN_BTN
PG8.Locked=true
PG8.Signal=GPIO_Input
PH0-OSC_IN.Mode=HSE-External-Oscillator
PH0-OSC_IN.Signal=RCC_OSC_IN
PH1-OSC_OUT.Mode=HSE-External-Oscillator
PH1-OSC_OUT.Signal=RCC_OSC_OUT
PinOutPanel.RotationAngle=0
ProjectManager.AskForMigrate=true
ProjectManager.BackupPrevious=false
ProjectManager.CompilerLinker=GCC
ProjectManager.CompilerOptimize=6
ProjectManager.ComputerToolchain=false
ProjectManager.CoupleFile=true
ProjectManager.CustomerFirmwarePackage=
ProjectManager.DefaultFWLocation=true
ProjectManager.DeletePrevious=true
ProjectManager.DeviceId=STM32H7A3ZITx
ProjectManager.FirmwarePackage=STM32Cube FW_H7 V1.13.0
ProjectManager.FreePins=false
ProjectManager.FreePinsContext=
ProjectManager.HalAssertFull=false
ProjectManager.HeapSize=0x200
ProjectManager.KeepUserCode=true
ProjectManager.LastFirmware=true
ProjectManager.LibraryCopy=1
ProjectManager.MainLocation=Core/Src
ProjectManager.NoMain=false
ProjectManager.PreviousToolchain=STM32CubeIDE
ProjectManager.ProjectBuild=false
ProjectManager.ProjectFileName=AD-1_CTL_board_144.ioc
ProjectManager.ProjectName=AD-1_CTL_board_144
ProjectManager.ProjectStructure=
ProjectManager.RegisterCallBack=
ProjectManager.StackSize=0x400
ProjectManager.TargetToolchain=STM32CubeIDE
ProjectManager.ToolChainLocation=
ProjectManager.UAScriptAfterPath=
ProjectManager.UAScriptBeforePath=
ProjectManager.UnderRoot=true
ProjectManager.functionlistsort=1-SystemClock_Config-RCC-false-HAL-false,2-MX_GPIO_Init-GPIO-false-HAL-true,3-MX_DMA_Init-DMA-false-HAL-true,4-MX_DMA2D_Init-DMA2D-false-HAL-true,5-MX_I2C1_Init-I2C1-false-HAL-true,6-MX_I2C2_Init-I2C2-false-HAL-true,7-MX_LTDC_Init-LTDC-false-HAL-true,8-MX_SAI1_Init-SAI1-false-HAL-true,9-MX_TIM3_Init-TIM3-false-HAL-true,10-MX_USART2_UART_Init-USART2-false-HAL-true,11-MX_I2C4_Init-I2C4-false-HAL-true,12-MX_CRC_Init-CRC-false-HAL-true,13-MX_TouchGFX_Init-STMicroelectronics.X-CUBE-TOUCHGFX.4.26.1-false-HAL-false,0-MX_CORTEX_M7_Init-CORTEX_M7-false-HAL-true,14-MX_TouchGFX_Process-STMicroelectronics.X-CUBE-TOUCHGFX.4.26.1-false-HAL-false
RCC.ADCFreq_Value=50390625
RCC.AHB12Freq_Value=160000000
RCC.AHB4Freq_Value=160000000
RCC.APB1Freq_Value=80000000
RCC.APB2Freq_Value=80000000
RCC.APB3Freq_Value=80000000
RCC.APB4Freq_Value=80000000
RCC.AXIClockFreq_Value=160000000
RCC.CDCPREFreq_Value=160000000
RCC.CDPPRE=RCC_APB3_DIV2
RCC.CDPPRE1=RCC_APB1_DIV2
RCC.CDPPRE2=RCC_APB2_DIV2
RCC.CECFreq_Value=32000
RCC.CKPERFreq_Value=64000000
RCC.CortexFreq_Value=160000000
RCC.CpuClockFreq_Value=160000000
RCC.DAC1Freq_Value=32000
RCC.DAC2Freq_Value=32000
RCC.DFSDM2ACLkFreq_Value=80000000
RCC.DFSDM2Freq_Value=80000000
RCC.DFSDMACLkFreq_Value=80000000
RCC.DFSDMFreq_Value=80000000
RCC.DIVM1=5
RCC.DIVM3=5
RCC.DIVN1=64
RCC.DIVN3=54
RCC.DIVP1Freq_Value=160000000
RCC.DIVP2Freq_Value=50390625
RCC.DIVP3Freq_Value=135000000
RCC.DIVQ1=4
RCC.DIVQ1Freq_Value=80000000
RCC.DIVQ2Freq_Value=50390625
RCC.DIVQ3Freq_Value=135000000
RCC.DIVR1Freq_Value=160000000
RCC.DIVR2Freq_Value=50390625
RCC.DIVR3=30
RCC.DIVR3Freq_Value=9000000
RCC.FDCANFreq_Value=80000000
RCC.FMCFreq_Value=160000000
RCC.FamilyName=M
RCC.HCLK3ClockFreq_Value=160000000
RCC.HCLKFreq_Value=160000000
RCC.HSE_VALUE=25000000
RCC.I2C123Freq_Value=80000000
RCC.I2C4Freq_Value=80000000
RCC.IPParameters=ADCFreq_Value,AHB12Freq_Value,AHB4Freq_Value,APB1Freq_Value,APB2Freq_Value,APB3Freq_Value,APB4Freq_Value,AXIClockFreq_Value,CDCPREFreq_Value,CDPPRE,CDPPRE1,CDPPRE2,CECFreq_Value,CKPERFreq_Value,CortexFreq_Value,CpuClockFreq_Value,DAC1Freq_Value,DAC2Freq_Value,DFSDM2ACLkFreq_Value,DFSDM2Freq_Value,DFSDMACLkFreq_Value,DFSDMFreq_Value,DIVM1,DIVM3,DIVN1,DIVN3,DIVP1Freq_Value,DIVP2Freq_Value,DIVP3Freq_Value,DIVQ1,DIVQ1Freq_Value,DIVQ2Freq_Value,DIVQ3Freq_Value,DIVR1Freq_Value,DIVR2Freq_Value,DIVR3,DIVR3Freq_Value,FDCANFreq_Value,FMCFreq_Value,FamilyName,HCLK3ClockFreq_Value,HCLKFreq_Value,HSE_VALUE,I2C123Freq_Value,I2C4Freq_Value,LPTIM1Freq_Value,LPTIM2Freq_Value,LPTIM345Freq_Value,LPUART1Freq_Value,LTDCFreq_Value,MCO1PinFreq_Value,MCO2PinFreq_Value,PLL2FRACN,PLL3FRACN,PLLFRACN,PLLSourceVirtual,QSPIFreq_Value,RNGFreq_Value,RTCFreq_Value,SAI1Freq_Value,SAI2AFreq_Value,SAI2BFreq_Value,SDMMCFreq_Value,SPDIFRXFreq_Value,SPI123Freq_Value,SPI45Freq_Value,SPI6Freq_Value,SRDPPRE,SWPMI1Freq_Value,SYSCLKFreq_VALUE,SYSCLKSource,Tim1OutputFreq_Value,Tim2OutputFreq_Value,TraceFreq_Value,USART16Freq_Value,USART234578Freq_Value,USBFreq_Value,VCO1OutputFreq_Value,VCO2OutputFreq_Value,VCO3OutputFreq_Value,VCOInput1Freq_Value,VCOInput2Freq_Value,VCOInput3Freq_Value
RCC.LPTIM1Freq_Value=80000000
RCC.LPTIM2Freq_Value=80000000
RCC.LPTIM345Freq_Value=80000000
RCC.LPUART1Freq_Value=80000000
RCC.LTDCFreq_Value=9000000
RCC.MCO1PinFreq_Value=64000000
RCC.MCO2PinFreq_Value=160000000
RCC.PLL2FRACN=0
RCC.PLL3FRACN=0
RCC.PLLFRACN=0
RCC.PLLSourceVirtual=RCC_PLLSOURCE_HSE
RCC.QSPIFreq_Value=160000000
RCC.RNGFreq_Value=48000000
RCC.RTCFreq_Value=32000
RCC.SAI1Freq_Value=80000000
RCC.SAI2AFreq_Value=80000000
RCC.SAI2BFreq_Value=80000000
RCC.SDMMCFreq_Value=80000000
RCC.SPDIFRXFreq_Value=80000000
RCC.SPI123Freq_Value=80000000
RCC.SPI45Freq_Value=80000000
RCC.SPI6Freq_Value=80000000
RCC.SRDPPRE=RCC_APB4_DIV2
RCC.SWPMI1Freq_Value=80000000
RCC.SYSCLKFreq_VALUE=160000000
RCC.SYSCLKSource=RCC_SYSCLKSOURCE_PLLCLK
RCC.Tim1OutputFreq_Value=160000000
RCC.Tim2OutputFreq_Value=160000000
RCC.TraceFreq_Value=160000000
RCC.USART16Freq_Value=80000000
RCC.USART234578Freq_Value=80000000
RCC.USBFreq_Value=80000000
RCC.VCO1OutputFreq_Value=320000000
RCC.VCO2OutputFreq_Value=100781250
RCC.VCO3OutputFreq_Value=270000000
RCC.VCOInput1Freq_Value=5000000
RCC.VCOInput2Freq_Value=781250
RCC.VCOInput3Freq_Value=5000000
SAI1.BasicDataSize-SAI_A_AsyncSlave=SAI_PROTOCOL_DATASIZE_24BIT
SAI1.BasicDataSize-SAI_B_SyncSlave=SAI_PROTOCOL_DATASIZE_24BIT
SAI1.IPParameters=Instance-SAI_A_AsyncSlave,VirtualMode-SAI_A_AsyncSlave,InitProtocol-SAI_A_AsyncSlave,VirtualProtocol-SAI_A_BASIC,Instance-SAI_B_SyncSlave,VirtualMode-SAI_B_SyncSlave,InitProtocol-SAI_B_SyncSlave,VirtualProtocol-SAI_B_BASIC,BasicDataSize-SAI_A_AsyncSlave,BasicDataSize-SAI_B_SyncSlave
SAI1.InitProtocol-SAI_A_AsyncSlave=Enable
SAI1.InitProtocol-SAI_B_SyncSlave=Enable
SAI1.Instance-SAI_A_AsyncSlave=SAI$Index_Block_A
SAI1.Instance-SAI_B_SyncSlave=SAI$Index_Block_B
SAI1.VirtualMode-SAI_A_AsyncSlave=VM_SLAVE
SAI1.VirtualMode-SAI_B_SyncSlave=VM_SLAVE
SAI1.VirtualProtocol-SAI_A_BASIC=VM_BASIC_PROTOCOL
SAI1.VirtualProtocol-SAI_B_BASIC=VM_BASIC_PROTOCOL
SH.S_TIM3_CH1.0=TIM3_CH1,PWM Generation1 CH1
SH.S_TIM3_CH1.ConfNb=1
STMicroelectronics.X-CUBE-TOUCHGFX.4.26.1.ApplicationCcGraphicsJjApplication=TouchGFXOoGenerator
STMicroelectronics.X-CUBE-TOUCHGFX.4.26.1.GraphicsJjApplication_Checked=true
STMicroelectronics.X-CUBE-TOUCHGFX.4.26.1.IPParameters=tgfx_display_interface,tgfx_buffering_strategy,tgfx_vsync,tgfx_hardware_accelerator,ApplicationCcGraphicsJjApplication
STMicroelectronics.X-CUBE-TOUCHGFX.4.26.1.tgfx_buffering_strategy=Double
STMicroelectronics.X-CUBE-TOUCHGFX.4.26.1.tgfx_display_interface=disp_ltdc
STMicroelectronics.X-CUBE-TOUCHGFX.4.26.1.tgfx_hardware_accelerator=dma_2d
STMicroelectronics.X-CUBE-TOUCHGFX.4.26.1.tgfx_vsync=vsync_ltdc
STMicroelectronics.X-CUBE-TOUCHGFX.4.26.1_IsPackSelfContextualization=true
STMicroelectronics.X-CUBE-TOUCHGFX.4.26.1_SwParameter=ApplicationCcGraphicsJjApplication\:TouchGFXOoGenerator;
TIM3.Channel-PWM\ Generation1\ CH1=TIM_CHANNEL_1
TIM3.IPParameters=Channel-PWM Generation1 CH1
USART2.IPParameters=VirtualMode-Asynchronous
USART2.VirtualMode-Asynchronous=VM_ASYNC
VP_CRC_VS_CRC.Mode=CRC_Activate
VP_CRC_VS_CRC.Signal=CRC_VS_CRC
VP_DMA2D_VS_DMA2D.Mode=DMA2D_Activate
VP_DMA2D_VS_DMA2D.Signal=DMA2D_VS_DMA2D
VP_MEMORYMAP_VS_MEMORYMAP.Mode=CurAppReg
VP_MEMORYMAP_VS_MEMORYMAP.Signal=MEMORYMAP_VS_MEMORYMAP
VP_SAI1_VP_$IpInstance_SAIA_SAI_BASIC.Mode=SAI_A_BASIC
VP_SAI1_VP_$IpInstance_SAIA_SAI_BASIC.Signal=SAI1_VP_$IpInstance_SAIA_SAI_BASIC
VP_SAI1_VP_$IpInstance_SAIB_SAI_BASIC.Mode=SAI_B_BASIC
VP_SAI1_VP_$IpInstance_SAIB_SAI_BASIC.Signal=SAI1_VP_$IpInstance_SAIB_SAI_BASIC
VP_STMicroelectronics.X-CUBE-TOUCHGFX_VS_GraphicsJjApplication_4.26.1.Mode=GraphicsJjApplication
VP_STMicroelectronics.X-CUBE-TOUCHGFX_VS_GraphicsJjApplication_4.26.1.Signal=STMicroelectronics.X-CUBE-TOUCHGFX_VS_GraphicsJjApplication_4.26.1
VP_SYS_VS_Systick.Mode=SysTick
VP_SYS_VS_Systick.Signal=SYS_VS_Systick
board=custom
